
Microsoft Visual Studio Solution File, Format Version 12.00
# Visual Studio Version 16
VisualStudioVersion = 16.0.31702.278
MinimumVisualStudioVersion = 10.0.40219.1
Project("{FAE04EC0-301F-11D3-BF4B-00C04F79EFBC}") = "MCVFruits", "MCVFruits\MCVFruits.csproj", "{1BD964FE-DCD4-462B-A931-42D0888C231A}"
EndProject
Global
	GlobalSection(SolutionConfigurationPlatforms) = preSolution
		Debug|Any CPU = Debug|Any CPU
		Release|Any CPU = Release|Any CPU
	EndGlobalSection
	GlobalSection(ProjectConfigurationPlatforms) = postSolution
		{1BD964FE-DCD4-462B-A931-42D0888C231A}.Debug|Any CPU.ActiveCfg = Debug|Any CPU
		{1BD964FE-DCD4-462B-A931-42D0888C231A}.Debug|Any CPU.Build.0 = Debug|Any CPU
		{1BD964FE-DCD4-462B-A931-42D0888C231A}.Release|Any CPU.ActiveCfg = Release|Any CPU
		{1BD964FE-DCD4-462B-A931-42D0888C231A}.Release|Any CPU.Build.0 = Release|Any CPU
	EndGlobalSection
	GlobalSection(SolutionProperties) = preSolution
		HideSolutionNode = FALSE
	EndGlobalSection
	GlobalSection(ExtensibilityGlobals) = postSolution
		SolutionGuid = {804BD4C0-0457-416C-8553-D5677A6C26C5}
	EndGlobalSection
EndGlobal
